
Microsoft Visual Studio Solution File, Format Version 12.00
# Visual Studio 15
VisualStudioVersion = 15.0.26124.0
MinimumVisualStudioVersion = 15.0.26124.0
Project("{FAE04EC0-301F-11D3-BF4B-00C04F79EFBC}") = "FirstAML.Couriers", "FirstAML.Couriers\FirstAML.Couriers.csproj", "{2DAAC10F-30B7-4AB1-B394-F9FC90E8F7AE}"
EndProject
Project("{FAE04EC0-301F-11D3-BF4B-00C04F79EFBC}") = "FirstAML.Couriers.Tests", "FirstAML.Couriers.Tests\FirstAML.Couriers.Tests.csproj", "{6BBA0E24-5C7D-4DF6-92A5-6113D0DF6804}"
EndProject
Global
	GlobalSection(SolutionConfigurationPlatforms) = preSolution
		Debug|Any CPU = Debug|Any CPU
		Debug|x64 = Debug|x64
		Debug|x86 = Debug|x86
		Release|Any CPU = Release|Any CPU
		Release|x64 = Release|x64
		Release|x86 = Release|x86
	EndGlobalSection
	GlobalSection(SolutionProperties) = preSolution
		HideSolutionNode = FALSE
	EndGlobalSection
	GlobalSection(ProjectConfigurationPlatforms) = postSolution
		{2DAAC10F-30B7-4AB1-B394-F9FC90E8F7AE}.Debug|Any CPU.ActiveCfg = Debug|Any CPU
		{2DAAC10F-30B7-4AB1-B394-F9FC90E8F7AE}.Debug|Any CPU.Build.0 = Debug|Any CPU
		{2DAAC10F-30B7-4AB1-B394-F9FC90E8F7AE}.Debug|x64.ActiveCfg = Debug|Any CPU
		{2DAAC10F-30B7-4AB1-B394-F9FC90E8F7AE}.Debug|x64.Build.0 = Debug|Any CPU
		{2DAAC10F-30B7-4AB1-B394-F9FC90E8F7AE}.Debug|x86.ActiveCfg = Debug|Any CPU
		{2DAAC10F-30B7-4AB1-B394-F9FC90E8F7AE}.Debug|x86.Build.0 = Debug|Any CPU
		{2DAAC10F-30B7-4AB1-B394-F9FC90E8F7AE}.Release|Any CPU.ActiveCfg = Release|Any CPU
		{2DAAC10F-30B7-4AB1-B394-F9FC90E8F7AE}.Release|Any CPU.Build.0 = Release|Any CPU
		{2DAAC10F-30B7-4AB1-B394-F9FC90E8F7AE}.Release|x64.ActiveCfg = Release|Any CPU
		{2DAAC10F-30B7-4AB1-B394-F9FC90E8F7AE}.Release|x64.Build.0 = Release|Any CPU
		{2DAAC10F-30B7-4AB1-B394-F9FC90E8F7AE}.Release|x86.ActiveCfg = Release|Any CPU
		{2DAAC10F-30B7-4AB1-B394-F9FC90E8F7AE}.Release|x86.Build.0 = Release|Any CPU
		{6BBA0E24-5C7D-4DF6-92A5-6113D0DF6804}.Debug|Any CPU.ActiveCfg = Debug|Any CPU
		{6BBA0E24-5C7D-4DF6-92A5-6113D0DF6804}.Debug|Any CPU.Build.0 = Debug|Any CPU
		{6BBA0E24-5C7D-4DF6-92A5-6113D0DF6804}.Debug|x64.ActiveCfg = Debug|Any CPU
		{6BBA0E24-5C7D-4DF6-92A5-6113D0DF6804}.Debug|x64.Build.0 = Debug|Any CPU
		{6BBA0E24-5C7D-4DF6-92A5-6113D0DF6804}.Debug|x86.ActiveCfg = Debug|Any CPU
		{6BBA0E24-5C7D-4DF6-92A5-6113D0DF6804}.Debug|x86.Build.0 = Debug|Any CPU
		{6BBA0E24-5C7D-4DF6-92A5-6113D0DF6804}.Release|Any CPU.ActiveCfg = Release|Any CPU
		{6BBA0E24-5C7D-4DF6-92A5-6113D0DF6804}.Release|Any CPU.Build.0 = Release|Any CPU
		{6BBA0E24-5C7D-4DF6-92A5-6113D0DF6804}.Release|x64.ActiveCfg = Release|Any CPU
		{6BBA0E24-5C7D-4DF6-92A5-6113D0DF6804}.Release|x64.Build.0 = Release|Any CPU
		{6BBA0E24-5C7D-4DF6-92A5-6113D0DF6804}.Release|x86.ActiveCfg = Release|Any CPU
		{6BBA0E24-5C7D-4DF6-92A5-6113D0DF6804}.Release|x86.Build.0 = Release|Any CPU
	EndGlobalSection
EndGlobal
